{
  "requires": true,
  "lockfileVersion": 1,
  "dependencies": {
    "@oracle/oraclejet-templates": {
      "version": "4.1.0",
      "resolved": "https://registry.npmjs.org/@oracle/oraclejet-templates/-/oraclejet-templates-4.1.0.tgz",
      "integrity": "sha1-gEIXFYqDCyD55pGo2QeTe7cM1O4="
    }
  }
}
